
Microsoft Visual Studio Solution File, Format Version 12.00
# Visual Studio Version 16
VisualStudioVersion = 16.0.31424.327
MinimumVisualStudioVersion = 10.0.40219.1
Project("{9A19103F-16F7-4668-BE54-9A1E7A4F7556}") = "ClassBoxData", "ClassBoxData\ClassBoxData.csproj", "{1590018F-FFAC-4E13-910D-5F6A966357CA}"
EndProject
Project("{9A19103F-16F7-4668-BE54-9A1E7A4F7556}") = "AnimalFarm", "AnimalFarm\AnimalFarm.csproj", "{9B387B89-2E71-4B17-9F3B-359B8E4C5300}"
EndProject
Project("{9A19103F-16F7-4668-BE54-9A1E7A4F7556}") = "ShoppingSpree", "ShoppingSpree\ShoppingSpree.csproj", "{D8AC3E66-D0CF-433E-9BA1-D385188E9C34}"
EndProject
Project("{9A19103F-16F7-4668-BE54-9A1E7A4F7556}") = "PizzaCalories", "PizzaCalories\PizzaCalories.csproj", "{31EFD7B0-7EC4-4C75-BD8C-A65AC0BB4F3B}"
EndProject
Project("{FAE04EC0-301F-11D3-BF4B-00C04F79EFBC}") = "FootballTeamGenerator", "Football Team Generator\FootballTeamGenerator.csproj", "{4917DFF1-4266-44EC-9EA6-83AF2282C2CC}"
EndProject
Global
	GlobalSection(SolutionConfigurationPlatforms) = preSolution
		Debug|Any CPU = Debug|Any CPU
		Release|Any CPU = Release|Any CPU
	EndGlobalSection
	GlobalSection(ProjectConfigurationPlatforms) = postSolution
		{1590018F-FFAC-4E13-910D-5F6A966357CA}.Debug|Any CPU.ActiveCfg = Debug|Any CPU
		{1590018F-FFAC-4E13-910D-5F6A966357CA}.Debug|Any CPU.Build.0 = Debug|Any CPU
		{1590018F-FFAC-4E13-910D-5F6A966357CA}.Release|Any CPU.ActiveCfg = Release|Any CPU
		{1590018F-FFAC-4E13-910D-5F6A966357CA}.Release|Any CPU.Build.0 = Release|Any CPU
		{9B387B89-2E71-4B17-9F3B-359B8E4C5300}.Debug|Any CPU.ActiveCfg = Debug|Any CPU
		{9B387B89-2E71-4B17-9F3B-359B8E4C5300}.Debug|Any CPU.Build.0 = Debug|Any CPU
		{9B387B89-2E71-4B17-9F3B-359B8E4C5300}.Release|Any CPU.ActiveCfg = Release|Any CPU
		{9B387B89-2E71-4B17-9F3B-359B8E4C5300}.Release|Any CPU.Build.0 = Release|Any CPU
		{D8AC3E66-D0CF-433E-9BA1-D385188E9C34}.Debug|Any CPU.ActiveCfg = Debug|Any CPU
		{D8AC3E66-D0CF-433E-9BA1-D385188E9C34}.Debug|Any CPU.Build.0 = Debug|Any CPU
		{D8AC3E66-D0CF-433E-9BA1-D385188E9C34}.Release|Any CPU.ActiveCfg = Release|Any CPU
		{D8AC3E66-D0CF-433E-9BA1-D385188E9C34}.Release|Any CPU.Build.0 = Release|Any CPU
		{31EFD7B0-7EC4-4C75-BD8C-A65AC0BB4F3B}.Debug|Any CPU.ActiveCfg = Debug|Any CPU
		{31EFD7B0-7EC4-4C75-BD8C-A65AC0BB4F3B}.Debug|Any CPU.Build.0 = Debug|Any CPU
		{31EFD7B0-7EC4-4C75-BD8C-A65AC0BB4F3B}.Release|Any CPU.ActiveCfg = Release|Any CPU
		{31EFD7B0-7EC4-4C75-BD8C-A65AC0BB4F3B}.Release|Any CPU.Build.0 = Release|Any CPU
		{4917DFF1-4266-44EC-9EA6-83AF2282C2CC}.Debug|Any CPU.ActiveCfg = Debug|Any CPU
		{4917DFF1-4266-44EC-9EA6-83AF2282C2CC}.Debug|Any CPU.Build.0 = Debug|Any CPU
		{4917DFF1-4266-44EC-9EA6-83AF2282C2CC}.Release|Any CPU.ActiveCfg = Release|Any CPU
		{4917DFF1-4266-44EC-9EA6-83AF2282C2CC}.Release|Any CPU.Build.0 = Release|Any CPU
	EndGlobalSection
	GlobalSection(SolutionProperties) = preSolution
		HideSolutionNode = FALSE
	EndGlobalSection
	GlobalSection(ExtensibilityGlobals) = postSolution
		SolutionGuid = {2CB1C710-E04C-4AB0-9D71-E36B6D2EEFCD}
	EndGlobalSection
EndGlobal
