
Microsoft Visual Studio Solution File, Format Version 12.00
# Visual Studio Version 17
VisualStudioVersion = 17.0.31912.275
MinimumVisualStudioVersion = 10.0.40219.1
Project("{9A19103F-16F7-4668-BE54-9A1E7A4F7556}") = "Skeleton", "TestAxe\Skeleton\Skeleton.csproj", "{D5A721DC-894C-4489-9F30-66E941F6F409}"
EndProject
Project("{9A19103F-16F7-4668-BE54-9A1E7A4F7556}") = "Skeleton.Tests", "TestAxe\Skeleton.Tests\Skeleton.Tests.csproj", "{393250BD-7769-41B4-934A-DBC638F99C55}"
EndProject
Global
	GlobalSection(SolutionConfigurationPlatforms) = preSolution
		Debug|Any CPU = Debug|Any CPU
		Release|Any CPU = Release|Any CPU
	EndGlobalSection
	GlobalSection(ProjectConfigurationPlatforms) = postSolution
		{D5A721DC-894C-4489-9F30-66E941F6F409}.Debug|Any CPU.ActiveCfg = Debug|Any CPU
		{D5A721DC-894C-4489-9F30-66E941F6F409}.Debug|Any CPU.Build.0 = Debug|Any CPU
		{D5A721DC-894C-4489-9F30-66E941F6F409}.Release|Any CPU.ActiveCfg = Release|Any CPU
		{D5A721DC-894C-4489-9F30-66E941F6F409}.Release|Any CPU.Build.0 = Release|Any CPU
		{393250BD-7769-41B4-934A-DBC638F99C55}.Debug|Any CPU.ActiveCfg = Debug|Any CPU
		{393250BD-7769-41B4-934A-DBC638F99C55}.Debug|Any CPU.Build.0 = Debug|Any CPU
		{393250BD-7769-41B4-934A-DBC638F99C55}.Release|Any CPU.ActiveCfg = Release|Any CPU
		{393250BD-7769-41B4-934A-DBC638F99C55}.Release|Any CPU.Build.0 = Release|Any CPU
	EndGlobalSection
	GlobalSection(SolutionProperties) = preSolution
		HideSolutionNode = FALSE
	EndGlobalSection
	GlobalSection(ExtensibilityGlobals) = postSolution
		SolutionGuid = {910EAE3E-7378-4F79-8893-9167F592C42D}
	EndGlobalSection
EndGlobal
