
Microsoft Visual Studio Solution File, Format Version 12.00
# Visual Studio Version 16
VisualStudioVersion = 16.0.31424.327
MinimumVisualStudioVersion = 10.0.40219.1
Project("{FAE04EC0-301F-11D3-BF4B-00C04F79EFBC}") = "Farm", "SingleInheritance\Farm.csproj", "{90D5C48C-4B98-461A-BEE3-9A40452850FC}"
EndProject
Project("{FAE04EC0-301F-11D3-BF4B-00C04F79EFBC}") = "CustomRandomList", "RandomList\CustomRandomList.csproj", "{D5FAB31E-8C1E-4E36-9860-DD2387B582FF}"
EndProject
Project("{FAE04EC0-301F-11D3-BF4B-00C04F79EFBC}") = "CustomStack", "StackOfStrings\CustomStack.csproj", "{A7F03686-76CD-418A-832E-1CF46507864F}"
EndProject
Global
	GlobalSection(SolutionConfigurationPlatforms) = preSolution
		Debug|Any CPU = Debug|Any CPU
		Release|Any CPU = Release|Any CPU
	EndGlobalSection
	GlobalSection(ProjectConfigurationPlatforms) = postSolution
		{90D5C48C-4B98-461A-BEE3-9A40452850FC}.Debug|Any CPU.ActiveCfg = Debug|Any CPU
		{90D5C48C-4B98-461A-BEE3-9A40452850FC}.Debug|Any CPU.Build.0 = Debug|Any CPU
		{90D5C48C-4B98-461A-BEE3-9A40452850FC}.Release|Any CPU.ActiveCfg = Release|Any CPU
		{90D5C48C-4B98-461A-BEE3-9A40452850FC}.Release|Any CPU.Build.0 = Release|Any CPU
		{D5FAB31E-8C1E-4E36-9860-DD2387B582FF}.Debug|Any CPU.ActiveCfg = Debug|Any CPU
		{D5FAB31E-8C1E-4E36-9860-DD2387B582FF}.Debug|Any CPU.Build.0 = Debug|Any CPU
		{D5FAB31E-8C1E-4E36-9860-DD2387B582FF}.Release|Any CPU.ActiveCfg = Release|Any CPU
		{D5FAB31E-8C1E-4E36-9860-DD2387B582FF}.Release|Any CPU.Build.0 = Release|Any CPU
		{A7F03686-76CD-418A-832E-1CF46507864F}.Debug|Any CPU.ActiveCfg = Debug|Any CPU
		{A7F03686-76CD-418A-832E-1CF46507864F}.Debug|Any CPU.Build.0 = Debug|Any CPU
		{A7F03686-76CD-418A-832E-1CF46507864F}.Release|Any CPU.ActiveCfg = Release|Any CPU
		{A7F03686-76CD-418A-832E-1CF46507864F}.Release|Any CPU.Build.0 = Release|Any CPU
	EndGlobalSection
	GlobalSection(SolutionProperties) = preSolution
		HideSolutionNode = FALSE
	EndGlobalSection
	GlobalSection(ExtensibilityGlobals) = postSolution
		SolutionGuid = {071B275F-E010-4133-B2DC-2070EB4F8ACE}
	EndGlobalSection
EndGlobal
