
Microsoft Visual Studio Solution File, Format Version 12.00
# Visual Studio Version 16
VisualStudioVersion = 16.0.31729.503
MinimumVisualStudioVersion = 10.0.40219.1
Project("{FAE04EC0-301F-11D3-BF4B-00C04F79EFBC}") = "Operations", "MathOperations\Operations.csproj", "{9D3A846D-9247-4786-B9F6-204F300A9228}"
EndProject
Project("{FAE04EC0-301F-11D3-BF4B-00C04F79EFBC}") = "Animals", "Animals\Animals.csproj", "{7968B99C-45A7-4550-B17D-CF5350A91441}"
EndProject
Project("{FAE04EC0-301F-11D3-BF4B-00C04F79EFBC}") = "Shapes", "Shapes\Shapes.csproj", "{7D6A86CF-DD55-49CF-BC74-D485034F46AC}"
EndProject
Global
	GlobalSection(SolutionConfigurationPlatforms) = preSolution
		Debug|Any CPU = Debug|Any CPU
		Release|Any CPU = Release|Any CPU
	EndGlobalSection
	GlobalSection(ProjectConfigurationPlatforms) = postSolution
		{9D3A846D-9247-4786-B9F6-204F300A9228}.Debug|Any CPU.ActiveCfg = Debug|Any CPU
		{9D3A846D-9247-4786-B9F6-204F300A9228}.Debug|Any CPU.Build.0 = Debug|Any CPU
		{9D3A846D-9247-4786-B9F6-204F300A9228}.Release|Any CPU.ActiveCfg = Release|Any CPU
		{9D3A846D-9247-4786-B9F6-204F300A9228}.Release|Any CPU.Build.0 = Release|Any CPU
		{7968B99C-45A7-4550-B17D-CF5350A91441}.Debug|Any CPU.ActiveCfg = Debug|Any CPU
		{7968B99C-45A7-4550-B17D-CF5350A91441}.Debug|Any CPU.Build.0 = Debug|Any CPU
		{7968B99C-45A7-4550-B17D-CF5350A91441}.Release|Any CPU.ActiveCfg = Release|Any CPU
		{7968B99C-45A7-4550-B17D-CF5350A91441}.Release|Any CPU.Build.0 = Release|Any CPU
		{7D6A86CF-DD55-49CF-BC74-D485034F46AC}.Debug|Any CPU.ActiveCfg = Debug|Any CPU
		{7D6A86CF-DD55-49CF-BC74-D485034F46AC}.Debug|Any CPU.Build.0 = Debug|Any CPU
		{7D6A86CF-DD55-49CF-BC74-D485034F46AC}.Release|Any CPU.ActiveCfg = Release|Any CPU
		{7D6A86CF-DD55-49CF-BC74-D485034F46AC}.Release|Any CPU.Build.0 = Release|Any CPU
	EndGlobalSection
	GlobalSection(SolutionProperties) = preSolution
		HideSolutionNode = FALSE
	EndGlobalSection
	GlobalSection(ExtensibilityGlobals) = postSolution
		SolutionGuid = {5EC661BE-A203-411C-8B41-39BBC62F84E0}
	EndGlobalSection
EndGlobal
