
Microsoft Visual Studio Solution File, Format Version 12.00
# Visual Studio Version 16
VisualStudioVersion = 16.0.31729.503
MinimumVisualStudioVersion = 10.0.40219.1
Project("{FAE04EC0-301F-11D3-BF4B-00C04F79EFBC}") = "Vehicles", "Vehicles\Vehicles.csproj", "{57876C93-D11C-4460-8208-81D6F453CC5B}"
EndProject
Project("{FAE04EC0-301F-11D3-BF4B-00C04F79EFBC}") = "VehiclesExtension", "VehiclesExtension\VehiclesExtension.csproj", "{A04191A1-11D3-4F9C-A38C-E34A0BA11F63}"
EndProject
Project("{FAE04EC0-301F-11D3-BF4B-00C04F79EFBC}") = "Raiding", "Raiding\Raiding.csproj", "{47AC0AC9-9355-4149-B131-C534C6218388}"
EndProject
Project("{FAE04EC0-301F-11D3-BF4B-00C04F79EFBC}") = "WildFarm", "WildFarm\WildFarm.csproj", "{CD99BA70-6E6E-436F-BDFE-9542E8EF3D6A}"
EndProject
Global
	GlobalSection(SolutionConfigurationPlatforms) = preSolution
		Debug|Any CPU = Debug|Any CPU
		Release|Any CPU = Release|Any CPU
	EndGlobalSection
	GlobalSection(ProjectConfigurationPlatforms) = postSolution
		{57876C93-D11C-4460-8208-81D6F453CC5B}.Debug|Any CPU.ActiveCfg = Debug|Any CPU
		{57876C93-D11C-4460-8208-81D6F453CC5B}.Debug|Any CPU.Build.0 = Debug|Any CPU
		{57876C93-D11C-4460-8208-81D6F453CC5B}.Release|Any CPU.ActiveCfg = Release|Any CPU
		{57876C93-D11C-4460-8208-81D6F453CC5B}.Release|Any CPU.Build.0 = Release|Any CPU
		{A04191A1-11D3-4F9C-A38C-E34A0BA11F63}.Debug|Any CPU.ActiveCfg = Debug|Any CPU
		{A04191A1-11D3-4F9C-A38C-E34A0BA11F63}.Debug|Any CPU.Build.0 = Debug|Any CPU
		{A04191A1-11D3-4F9C-A38C-E34A0BA11F63}.Release|Any CPU.ActiveCfg = Release|Any CPU
		{A04191A1-11D3-4F9C-A38C-E34A0BA11F63}.Release|Any CPU.Build.0 = Release|Any CPU
		{47AC0AC9-9355-4149-B131-C534C6218388}.Debug|Any CPU.ActiveCfg = Debug|Any CPU
		{47AC0AC9-9355-4149-B131-C534C6218388}.Debug|Any CPU.Build.0 = Debug|Any CPU
		{47AC0AC9-9355-4149-B131-C534C6218388}.Release|Any CPU.ActiveCfg = Release|Any CPU
		{47AC0AC9-9355-4149-B131-C534C6218388}.Release|Any CPU.Build.0 = Release|Any CPU
		{CD99BA70-6E6E-436F-BDFE-9542E8EF3D6A}.Debug|Any CPU.ActiveCfg = Debug|Any CPU
		{CD99BA70-6E6E-436F-BDFE-9542E8EF3D6A}.Debug|Any CPU.Build.0 = Debug|Any CPU
		{CD99BA70-6E6E-436F-BDFE-9542E8EF3D6A}.Release|Any CPU.ActiveCfg = Release|Any CPU
		{CD99BA70-6E6E-436F-BDFE-9542E8EF3D6A}.Release|Any CPU.Build.0 = Release|Any CPU
	EndGlobalSection
	GlobalSection(SolutionProperties) = preSolution
		HideSolutionNode = FALSE
	EndGlobalSection
	GlobalSection(ExtensibilityGlobals) = postSolution
		SolutionGuid = {E3499DAB-DBF7-4068-AA63-044CAC6BE4CB}
	EndGlobalSection
EndGlobal
